
Microsoft Visual Studio Solution File, Format Version 12.00
# Visual Studio Version 17
VisualStudioVersion = 17.10.35122.118
MinimumVisualStudioVersion = 10.0.40219.1
Project("{9A19103F-16F7-4668-BE54-9A1E7A4F7556}") = "TextRPG", "TextRPG\TextRPG.csproj", "{62C4B245-76EC-44A2-9773-E95E5B8CA9C1}"
EndProject
Global
	GlobalSection(SolutionConfigurationPlatforms) = preSolution
		Debug|Any CPU = Debug|Any CPU
		Release|Any CPU = Release|Any CPU
	EndGlobalSection
	GlobalSection(ProjectConfigurationPlatforms) = postSolution
		{62C4B245-76EC-44A2-9773-E95E5B8CA9C1}.Debug|Any CPU.ActiveCfg = Debug|Any CPU
		{62C4B245-76EC-44A2-9773-E95E5B8CA9C1}.Debug|Any CPU.Build.0 = Debug|Any CPU
		{62C4B245-76EC-44A2-9773-E95E5B8CA9C1}.Release|Any CPU.ActiveCfg = Release|Any CPU
		{62C4B245-76EC-44A2-9773-E95E5B8CA9C1}.Release|Any CPU.Build.0 = Release|Any CPU
	EndGlobalSection
	GlobalSection(SolutionProperties) = preSolution
		HideSolutionNode = FALSE
	EndGlobalSection
	GlobalSection(ExtensibilityGlobals) = postSolution
		SolutionGuid = {8681ABCF-E815-48CE-A1C7-20FEA9A1F82E}
	EndGlobalSection
EndGlobal
